// !$*UTF8*$!
{
	archiveVersion = 1;
	classes = {
	};
	objectVersion = 56;
	objects = {

/* Begin PBXBuildFile section */
		59202C682CD905660008BD59 /* AppDelegate.swift in Sources */ = {isa = PBXBuildFile; fileRef = 59202C672CD905660008BD59 /* AppDelegate.swift */; };
		59202C6A2CD905660008BD59 /* SceneDelegate.swift in Sources */ = {isa = PBXBuildFile; fileRef = 59202C692CD905660008BD59 /* SceneDelegate.swift */; };
		59202C712CD905680008BD59 /* Assets.xcassets in Resources */ = {isa = PBXBuildFile; fileRef = 59202C702CD905680008BD59 /* Assets.xcassets */; };
		59202C742CD905680008BD59 /* Base in Resources */ = {isa = PBXBuildFile; fileRef = 59202C732CD905680008BD59 /* Base */; };
		59202C7E2CD906B00008BD59 /* DataComunication.swift in Sources */ = {isa = PBXBuildFile; fileRef = 59202C7D2CD906B00008BD59 /* DataComunication.swift */; };
		59202C812CD906CA0008BD59 /* Note.swift in Sources */ = {isa = PBXBuildFile; fileRef = 59202C802CD906CA0008BD59 /* Note.swift */; };
		59202C832CD906CF0008BD59 /* CoreDataNote.swift in Sources */ = {isa = PBXBuildFile; fileRef = 59202C822CD906CF0008BD59 /* CoreDataNote.swift */; };
		59202C872CD906FC0008BD59 /* NotesViewController.swift in Sources */ = {isa = PBXBuildFile; fileRef = 59202C862CD906FC0008BD59 /* NotesViewController.swift */; };
		59202C892CD907010008BD59 /* NotesViewModel.swift in Sources */ = {isa = PBXBuildFile; fileRef = 59202C882CD907010008BD59 /* NotesViewModel.swift */; };
		59202C8C2CD907120008BD59 /* NotesEditorViewController.swift in Sources */ = {isa = PBXBuildFile; fileRef = 59202C8B2CD907120008BD59 /* NotesEditorViewController.swift */; };
		59202C8E2CD907180008BD59 /* NotesEditorViewModel.swift in Sources */ = {isa = PBXBuildFile; fileRef = 59202C8D2CD907180008BD59 /* NotesEditorViewModel.swift */; };
		59202C912CD9072A0008BD59 /* NoteTableViewCell.swift in Sources */ = {isa = PBXBuildFile; fileRef = 59202C902CD9072A0008BD59 /* NoteTableViewCell.swift */; };
		59202C942CD9074A0008BD59 /* CustomAlert.swift in Sources */ = {isa = PBXBuildFile; fileRef = 59202C932CD9074A0008BD59 /* CustomAlert.swift */; };
		59202C992CD9087D0008BD59 /* NoteApp.xcdatamodeld in Sources */ = {isa = PBXBuildFile; fileRef = 59202C972CD9087D0008BD59 /* NoteApp.xcdatamodeld */; };
		59202C9B2CDA21670008BD59 /* Constants.swift in Sources */ = {isa = PBXBuildFile; fileRef = 59202C9A2CDA21670008BD59 /* Constants.swift */; };
/* End PBXBuildFile section */

/* Begin PBXFileReference section */
		59202C642CD905660008BD59 /* NotesApplication.app */ = {isa = PBXFileReference; explicitFileType = wrapper.application; includeInIndex = 0; path = NotesApplication.app; sourceTree = BUILT_PRODUCTS_DIR; };
		59202C672CD905660008BD59 /* AppDelegate.swift */ = {isa = PBXFileReference; lastKnownFileType = sourcecode.swift; path = AppDelegate.swift; sourceTree = "<group>"; };
		59202C692CD905660008BD59 /* SceneDelegate.swift */ = {isa = PBXFileReference; lastKnownFileType = sourcecode.swift; path = SceneDelegate.swift; sourceTree = "<group>"; };
		59202C702CD905680008BD59 /* Assets.xcassets */ = {isa = PBXFileReference; lastKnownFileType = folder.assetcatalog; path = Assets.xcassets; sourceTree = "<group>"; };
		59202C732CD905680008BD59 /* Base */ = {isa = PBXFileReference; lastKnownFileType = file.storyboard; name = Base; path = Base.lproj/LaunchScreen.storyboard; sourceTree = "<group>"; };
		59202C752CD905680008BD59 /* Info.plist */ = {isa = PBXFileReference; lastKnownFileType = text.plist.xml; path = Info.plist; sourceTree = "<group>"; };
		59202C7D2CD906B00008BD59 /* DataComunication.swift */ = {isa = PBXFileReference; fileEncoding = 4; lastKnownFileType = sourcecode.swift; path = DataComunication.swift; sourceTree = "<group>"; };
		59202C802CD906CA0008BD59 /* Note.swift */ = {isa = PBXFileReference; fileEncoding = 4; lastKnownFileType = sourcecode.swift; path = Note.swift; sourceTree = "<group>"; };
		59202C822CD906CF0008BD59 /* CoreDataNote.swift */ = {isa = PBXFileReference; fileEncoding = 4; lastKnownFileType = sourcecode.swift; path = CoreDataNote.swift; sourceTree = "<group>"; };
		59202C862CD906FC0008BD59 /* NotesViewController.swift */ = {isa = PBXFileReference; fileEncoding = 4; lastKnownFileType = sourcecode.swift; path = NotesViewController.swift; sourceTree = "<group>"; };
		59202C882CD907010008BD59 /* NotesViewModel.swift */ = {isa = PBXFileReference; fileEncoding = 4; lastKnownFileType = sourcecode.swift; path = NotesViewModel.swift; sourceTree = "<group>"; };
		59202C8B2CD907120008BD59 /* NotesEditorViewController.swift */ = {isa = PBXFileReference; fileEncoding = 4; lastKnownFileType = sourcecode.swift; path = NotesEditorViewController.swift; sourceTree = "<group>"; };
		59202C8D2CD907180008BD59 /* NotesEditorViewModel.swift */ = {isa = PBXFileReference; fileEncoding = 4; lastKnownFileType = sourcecode.swift; path = NotesEditorViewModel.swift; sourceTree = "<group>"; };
		59202C902CD9072A0008BD59 /* NoteTableViewCell.swift */ = {isa = PBXFileReference; fileEncoding = 4; lastKnownFileType = sourcecode.swift; path = NoteTableViewCell.swift; sourceTree = "<group>"; };
		59202C932CD9074A0008BD59 /* CustomAlert.swift */ = {isa = PBXFileReference; fileEncoding = 4; lastKnownFileType = sourcecode.swift; path = CustomAlert.swift; sourceTree = "<group>"; };
		59202C982CD9087D0008BD59 /* NoteApp.xcdatamodel */ = {isa = PBXFileReference; lastKnownFileType = wrapper.xcdatamodel; path = NoteApp.xcdatamodel; sourceTree = "<group>"; };
		59202C9A2CDA21670008BD59 /* Constants.swift */ = {isa = PBXFileReference; lastKnownFileType = sourcecode.swift; path = Constants.swift; sourceTree = "<group>"; };
/* End PBXFileReference section */

/* Begin PBXFrameworksBuildPhase section */
		59202C612CD905660008BD59 /* Frameworks */ = {
			isa = PBXFrameworksBuildPhase;
			buildActionMask = 2147483647;
			files = (
			);
			runOnlyForDeploymentPostprocessing = 0;
		};
/* End PBXFrameworksBuildPhase section */

/* Begin PBXGroup section */
		59202C5B2CD905660008BD59 = {
			isa = PBXGroup;
			children = (
				59202C662CD905660008BD59 /* NotesApplication */,
				59202C652CD905660008BD59 /* Products */,
			);
			sourceTree = "<group>";
		};
		59202C652CD905660008BD59 /* Products */ = {
			isa = PBXGroup;
			children = (
				59202C642CD905660008BD59 /* NotesApplication.app */,
			);
			name = Products;
			sourceTree = "<group>";
		};
		59202C662CD905660008BD59 /* NotesApplication */ = {
			isa = PBXGroup;
			children = (
				59202C7B2CD906960008BD59 /* App */,
				59202C7C2CD906A40008BD59 /* Data */,
				59202C7F2CD906C10008BD59 /* Model */,
				59202C852CD906E10008BD59 /* Screens */,
				59202C922CD907430008BD59 /* Alert */,
				59202C8F2CD907220008BD59 /* Cell */,
				59202C9C2CDBAABF0008BD59 /* Constants */,
				59202C952CD907AA0008BD59 /* Resources */,
				59202C962CD9086E0008BD59 /* CoreData */,
			);
			path = NotesApplication;
			sourceTree = "<group>";
		};
		59202C7B2CD906960008BD59 /* App */ = {
			isa = PBXGroup;
			children = (
				59202C672CD905660008BD59 /* AppDelegate.swift */,
				59202C692CD905660008BD59 /* SceneDelegate.swift */,
			);
			path = App;
			sourceTree = "<group>";
		};
		59202C7C2CD906A40008BD59 /* Data */ = {
			isa = PBXGroup;
			children = (
				59202C7D2CD906B00008BD59 /* DataComunication.swift */,
			);
			path = Data;
			sourceTree = "<group>";
		};
		59202C7F2CD906C10008BD59 /* Model */ = {
			isa = PBXGroup;
			children = (
				59202C802CD906CA0008BD59 /* Note.swift */,
				59202C822CD906CF0008BD59 /* CoreDataNote.swift */,
			);
			path = Model;
			sourceTree = "<group>";
		};
		59202C842CD906D90008BD59 /* Home */ = {
			isa = PBXGroup;
			children = (
				59202C862CD906FC0008BD59 /* NotesViewController.swift */,
				59202C882CD907010008BD59 /* NotesViewModel.swift */,
			);
			path = Home;
			sourceTree = "<group>";
		};
		59202C852CD906E10008BD59 /* Screens */ = {
			isa = PBXGroup;
			children = (
				59202C8A2CD907080008BD59 /* Editor */,
				59202C842CD906D90008BD59 /* Home */,
			);
			path = Screens;
			sourceTree = "<group>";
		};
		59202C8A2CD907080008BD59 /* Editor */ = {
			isa = PBXGroup;
			children = (
				59202C8B2CD907120008BD59 /* NotesEditorViewController.swift */,
				59202C8D2CD907180008BD59 /* NotesEditorViewModel.swift */,
			);
			path = Editor;
			sourceTree = "<group>";
		};
		59202C8F2CD907220008BD59 /* Cell */ = {
			isa = PBXGroup;
			children = (
				59202C902CD9072A0008BD59 /* NoteTableViewCell.swift */,
			);
			path = Cell;
			sourceTree = "<group>";
		};
		59202C922CD907430008BD59 /* Alert */ = {
			isa = PBXGroup;
			children = (
				59202C932CD9074A0008BD59 /* CustomAlert.swift */,
			);
			path = Alert;
			sourceTree = "<group>";
		};
		59202C952CD907AA0008BD59 /* Resources */ = {
			isa = PBXGroup;
			children = (
				59202C702CD905680008BD59 /* Assets.xcassets */,
				59202C722CD905680008BD59 /* LaunchScreen.storyboard */,
				59202C752CD905680008BD59 /* Info.plist */,
			);
			path = Resources;
			sourceTree = "<group>";
		};
		59202C962CD9086E0008BD59 /* CoreData */ = {
			isa = PBXGroup;
			children = (
				59202C972CD9087D0008BD59 /* NoteApp.xcdatamodeld */,
			);
			name = CoreData;
			sourceTree = "<group>";
		};
		59202C9C2CDBAABF0008BD59 /* Constants */ = {
			isa = PBXGroup;
			children = (
				59202C9A2CDA21670008BD59 /* Constants.swift */,
			);
			path = Constants;
			sourceTree = "<group>";
		};
/* End PBXGroup section */

/* Begin PBXNativeTarget section */
		59202C632CD905660008BD59 /* NotesApplication */ = {
			isa = PBXNativeTarget;
			buildConfigurationList = 59202C782CD905680008BD59 /* Build configuration list for PBXNativeTarget "NotesApplication" */;
			buildPhases = (
				59202C602CD905660008BD59 /* Sources */,
				59202C612CD905660008BD59 /* Frameworks */,
				59202C622CD905660008BD59 /* Resources */,
			);
			buildRules = (
			);
			dependencies = (
			);
			name = NotesApplication;
			productName = NotesApplication;
			productReference = 59202C642CD905660008BD59 /* NotesApplication.app */;
			productType = "com.apple.product-type.application";
		};
/* End PBXNativeTarget section */

/* Begin PBXProject section */
		59202C5C2CD905660008BD59 /* Project object */ = {
			isa = PBXProject;
			attributes = {
				BuildIndependentTargetsInParallel = 1;
				LastSwiftUpdateCheck = 1540;
				LastUpgradeCheck = 1540;
				TargetAttributes = {
					59202C632CD905660008BD59 = {
						CreatedOnToolsVersion = 15.4;
					};
				};
			};
			buildConfigurationList = 59202C5F2CD905660008BD59 /* Build configuration list for PBXProject "NotesApplication" */;
			compatibilityVersion = "Xcode 14.0";
			developmentRegion = en;
			hasScannedForEncodings = 0;
			knownRegions = (
				en,
				Base,
			);
			mainGroup = 59202C5B2CD905660008BD59;
			productRefGroup = 59202C652CD905660008BD59 /* Products */;
			projectDirPath = "";
			projectRoot = "";
			targets = (
				59202C632CD905660008BD59 /* NotesApplication */,
			);
		};
/* End PBXProject section */

/* Begin PBXResourcesBuildPhase section */
		59202C622CD905660008BD59 /* Resources */ = {
			isa = PBXResourcesBuildPhase;
			buildActionMask = 2147483647;
			files = (
				59202C712CD905680008BD59 /* Assets.xcassets in Resources */,
				59202C742CD905680008BD59 /* Base in Resources */,
			);
			runOnlyForDeploymentPostprocessing = 0;
		};
/* End PBXResourcesBuildPhase section */

/* Begin PBXSourcesBuildPhase section */
		59202C602CD905660008BD59 /* Sources */ = {
			isa = PBXSourcesBuildPhase;
			buildActionMask = 2147483647;
			files = (
				59202C942CD9074A0008BD59 /* CustomAlert.swift in Sources */,
				59202C812CD906CA0008BD59 /* Note.swift in Sources */,
				59202C7E2CD906B00008BD59 /* DataComunication.swift in Sources */,
				59202C992CD9087D0008BD59 /* NoteApp.xcdatamodeld in Sources */,
				59202C872CD906FC0008BD59 /* NotesViewController.swift in Sources */,
				59202C892CD907010008BD59 /* NotesViewModel.swift in Sources */,
				59202C682CD905660008BD59 /* AppDelegate.swift in Sources */,
				59202C9B2CDA21670008BD59 /* Constants.swift in Sources */,
				59202C8C2CD907120008BD59 /* NotesEditorViewController.swift in Sources */,
				59202C8E2CD907180008BD59 /* NotesEditorViewModel.swift in Sources */,
				59202C832CD906CF0008BD59 /* CoreDataNote.swift in Sources */,
				59202C6A2CD905660008BD59 /* SceneDelegate.swift in Sources */,
				59202C912CD9072A0008BD59 /* NoteTableViewCell.swift in Sources */,
			);
			runOnlyForDeploymentPostprocessing = 0;
		};
/* End PBXSourcesBuildPhase section */

/* Begin PBXVariantGroup section */
		59202C722CD905680008BD59 /* LaunchScreen.storyboard */ = {
			isa = PBXVariantGroup;
			children = (
				59202C732CD905680008BD59 /* Base */,
			);
			name = LaunchScreen.storyboard;
			sourceTree = "<group>";
		};
/* End PBXVariantGroup section */

/* Begin XCBuildConfiguration section */
		59202C762CD905680008BD59 /* Debug */ = {
			isa = XCBuildConfiguration;
			buildSettings = {
				ALWAYS_SEARCH_USER_PATHS = NO;
				ASSETCATALOG_COMPILER_GENERATE_SWIFT_ASSET_SYMBOL_EXTENSIONS = YES;
				CLANG_ANALYZER_NONNULL = YES;
				CLANG_ANALYZER_NUMBER_OBJECT_CONVERSION = YES_AGGRESSIVE;
				CLANG_CXX_LANGUAGE_STANDARD = "gnu++20";
				CLANG_ENABLE_MODULES = YES;
				CLANG_ENABLE_OBJC_ARC = YES;
				CLANG_ENABLE_OBJC_WEAK = YES;
				CLANG_WARN_BLOCK_CAPTURE_AUTORELEASING = YES;
				CLANG_WARN_BOOL_CONVERSION = YES;
				CLANG_WARN_COMMA = YES;
				CLANG_WARN_CONSTANT_CONVERSION = YES;
				CLANG_WARN_DEPRECATED_OBJC_IMPLEMENTATIONS = YES;
				CLANG_WARN_DIRECT_OBJC_ISA_USAGE = YES_ERROR;
				CLANG_WARN_DOCUMENTATION_COMMENTS = YES;
				CLANG_WARN_EMPTY_BODY = YES;
				CLANG_WARN_ENUM_CONVERSION = YES;
				CLANG_WARN_INFINITE_RECURSION = YES;
				CLANG_WARN_INT_CONVERSION = YES;
				CLANG_WARN_NON_LITERAL_NULL_CONVERSION = YES;
				CLANG_WARN_OBJC_IMPLICIT_RETAIN_SELF = YES;
				CLANG_WARN_OBJC_LITERAL_CONVERSION = YES;
				CLANG_WARN_OBJC_ROOT_CLASS = YES_ERROR;
				CLANG_WARN_QUOTED_INCLUDE_IN_FRAMEWORK_HEADER = YES;
				CLANG_WARN_RANGE_LOOP_ANALYSIS = YES;
				CLANG_WARN_STRICT_PROTOTYPES = YES;
				CLANG_WARN_SUSPICIOUS_MOVE = YES;
				CLANG_WARN_UNGUARDED_AVAILABILITY = YES_AGGRESSIVE;
				CLANG_WARN_UNREACHABLE_CODE = YES;
				CLANG_WARN__DUPLICATE_METHOD_MATCH = YES;
				COPY_PHASE_STRIP = NO;
				DEBUG_INFORMATION_FORMAT = dwarf;
				ENABLE_STRICT_OBJC_MSGSEND = YES;
				ENABLE_TESTABILITY = YES;
				ENABLE_USER_SCRIPT_SANDBOXING = YES;
				GCC_C_LANGUAGE_STANDARD = gnu17;
				GCC_DYNAMIC_NO_PIC = NO;
				GCC_NO_COMMON_BLOCKS = YES;
				GCC_OPTIMIZATION_LEVEL = 0;
				GCC_PREPROCESSOR_DEFINITIONS = (
					"DEBUG=1",
					"$(inherited)",
				);
				GCC_WARN_64_TO_32_BIT_CONVERSION = YES;
				GCC_WARN_ABOUT_RETURN_TYPE = YES_ERROR;
				GCC_WARN_UNDECLARED_SELECTOR = YES;
				GCC_WARN_UNINITIALIZED_AUTOS = YES_AGGRESSIVE;
				GCC_WARN_UNUSED_FUNCTION = YES;
				GCC_WARN_UNUSED_VARIABLE = YES;
				IPHONEOS_DEPLOYMENT_TARGET = 17.5;
				LOCALIZATION_PREFERS_STRING_CATALOGS = YES;
				MTL_ENABLE_DEBUG_INFO = INCLUDE_SOURCE;
				MTL_FAST_MATH = YES;
				ONLY_ACTIVE_ARCH = YES;
				SDKROOT = iphoneos;
				SWIFT_ACTIVE_COMPILATION_CONDITIONS = "DEBUG $(inherited)";
				SWIFT_OPTIMIZATION_LEVEL = "-Onone";
			};
			name = Debug;
		};
		59202C772CD905680008BD59 /* Release */ = {
			isa = XCBuildConfiguration;
			buildSettings = {
				ALWAYS_SEARCH_USER_PATHS = NO;
				ASSETCATALOG_COMPILER_GENERATE_SWIFT_ASSET_SYMBOL_EXTENSIONS = YES;
				CLANG_ANALYZER_NONNULL = YES;
				CLANG_ANALYZER_NUMBER_OBJECT_CONVERSION = YES_AGGRESSIVE;
				CLANG_CXX_LANGUAGE_STANDARD = "gnu++20";
				CLANG_ENABLE_MODULES = YES;
				CLANG_ENABLE_OBJC_ARC = YES;
				CLANG_ENABLE_OBJC_WEAK = YES;
				CLANG_WARN_BLOCK_CAPTURE_AUTORELEASING = YES;
				CLANG_WARN_BOOL_CONVERSION = YES;
				CLANG_WARN_COMMA = YES;
				CLANG_WARN_CONSTANT_CONVERSION = YES;
				CLANG_WARN_DEPRECATED_OBJC_IMPLEMENTATIONS = YES;
				CLANG_WARN_DIRECT_OBJC_ISA_USAGE = YES_ERROR;
				CLANG_WARN_DOCUMENTATION_COMMENTS = YES;
				CLANG_WARN_EMPTY_BODY = YES;
				CLANG_WARN_ENUM_CONVERSION = YES;
				CLANG_WARN_INFINITE_RECURSION = YES;
				CLANG_WARN_INT_CONVERSION = YES;
				CLANG_WARN_NON_LITERAL_NULL_CONVERSION = YES;
				CLANG_WARN_OBJC_IMPLICIT_RETAIN_SELF = YES;
				CLANG_WARN_OBJC_LITERAL_CONVERSION = YES;
				CLANG_WARN_OBJC_ROOT_CLASS = YES_ERROR;
				CLANG_WARN_QUOTED_INCLUDE_IN_FRAMEWORK_HEADER = YES;
				CLANG_WARN_RANGE_LOOP_ANALYSIS = YES;
				CLANG_WARN_STRICT_PROTOTYPES = YES;
				CLANG_WARN_SUSPICIOUS_MOVE = YES;
				CLANG_WARN_UNGUARDED_AVAILABILITY = YES_AGGRESSIVE;
				CLANG_WARN_UNREACHABLE_CODE = YES;
				CLANG_WARN__DUPLICATE_METHOD_MATCH = YES;
				COPY_PHASE_STRIP = NO;
				DEBUG_INFORMATION_FORMAT = "dwarf-with-dsym";
				ENABLE_NS_ASSERTIONS = NO;
				ENABLE_STRICT_OBJC_MSGSEND = YES;
				ENABLE_USER_SCRIPT_SANDBOXING = YES;
				GCC_C_LANGUAGE_STANDARD = gnu17;
				GCC_NO_COMMON_BLOCKS = YES;
				GCC_WARN_64_TO_32_BIT_CONVERSION = YES;
				GCC_WARN_ABOUT_RETURN_TYPE = YES_ERROR;
				GCC_WARN_UNDECLARED_SELECTOR = YES;
				GCC_WARN_UNINITIALIZED_AUTOS = YES_AGGRESSIVE;
				GCC_WARN_UNUSED_FUNCTION = YES;
				GCC_WARN_UNUSED_VARIABLE = YES;
				IPHONEOS_DEPLOYMENT_TARGET = 17.5;
				LOCALIZATION_PREFERS_STRING_CATALOGS = YES;
				MTL_ENABLE_DEBUG_INFO = NO;
				MTL_FAST_MATH = YES;
				SDKROOT = iphoneos;
				SWIFT_COMPILATION_MODE = wholemodule;
				VALIDATE_PRODUCT = YES;
			};
			name = Release;
		};
		59202C792CD905680008BD59 /* Debug */ = {
			isa = XCBuildConfiguration;
			buildSettings = {
				ASSETCATALOG_COMPILER_APPICON_NAME = AppIcon;
				ASSETCATALOG_COMPILER_GLOBAL_ACCENT_COLOR_NAME = AccentColor;
				CODE_SIGN_STYLE = Automatic;
				CURRENT_PROJECT_VERSION = 1;
				GENERATE_INFOPLIST_FILE = YES;
				INFOPLIST_FILE = NotesApplication/Resources/Info.plist;
				INFOPLIST_KEY_UIApplicationSupportsIndirectInputEvents = YES;
				INFOPLIST_KEY_UILaunchStoryboardName = LaunchScreen;
				INFOPLIST_KEY_UISupportedInterfaceOrientations_iPad = "UIInterfaceOrientationPortrait UIInterfaceOrientationPortraitUpsideDown UIInterfaceOrientationLandscapeLeft UIInterfaceOrientationLandscapeRight";
				INFOPLIST_KEY_UISupportedInterfaceOrientations_iPhone = "UIInterfaceOrientationPortrait UIInterfaceOrientationLandscapeLeft UIInterfaceOrientationLandscapeRight";
				LD_RUNPATH_SEARCH_PATHS = (
					"$(inherited)",
					"@executable_path/Frameworks",
				);
				MARKETING_VERSION = 1.0;
				PRODUCT_BUNDLE_IDENTIFIER = com.your.TBC.NotesApplication;
				PRODUCT_NAME = "$(TARGET_NAME)";
				SWIFT_EMIT_LOC_STRINGS = YES;
				SWIFT_VERSION = 5.0;
				TARGETED_DEVICE_FAMILY = "1,2";
			};
			name = Debug;
		};
		59202C7A2CD905680008BD59 /* Release */ = {
			isa = XCBuildConfiguration;
			buildSettings = {
				ASSETCATALOG_COMPILER_APPICON_NAME = AppIcon;
				ASSETCATALOG_COMPILER_GLOBAL_ACCENT_COLOR_NAME = AccentColor;
				CODE_SIGN_STYLE = Automatic;
				CURRENT_PROJECT_VERSION = 1;
				GENERATE_INFOPLIST_FILE = YES;
				INFOPLIST_FILE = NotesApplication/Resources/Info.plist;
				INFOPLIST_KEY_UIApplicationSupportsIndirectInputEvents = YES;
				INFOPLIST_KEY_UILaunchStoryboardName = LaunchScreen;
				INFOPLIST_KEY_UISupportedInterfaceOrientations_iPad = "UIInterfaceOrientationPortrait UIInterfaceOrientationPortraitUpsideDown UIInterfaceOrientationLandscapeLeft UIInterfaceOrientationLandscapeRight";
				INFOPLIST_KEY_UISupportedInterfaceOrientations_iPhone = "UIInterfaceOrientationPortrait UIInterfaceOrientationLandscapeLeft UIInterfaceOrientationLandscapeRight";
				LD_RUNPATH_SEARCH_PATHS = (
					"$(inherited)",
					"@executable_path/Frameworks",
				);
				MARKETING_VERSION = 1.0;
				PRODUCT_BUNDLE_IDENTIFIER = com.your.TBC.NotesApplication;
				PRODUCT_NAME = "$(TARGET_NAME)";
				SWIFT_EMIT_LOC_STRINGS = YES;
				SWIFT_VERSION = 5.0;
				TARGETED_DEVICE_FAMILY = "1,2";
			};
			name = Release;
		};
/* End XCBuildConfiguration section */

/* Begin XCConfigurationList section */
		59202C5F2CD905660008BD59 /* Build configuration list for PBXProject "NotesApplication" */ = {
			isa = XCConfigurationList;
			buildConfigurations = (
				59202C762CD905680008BD59 /* Debug */,
				59202C772CD905680008BD59 /* Release */,
			);
			defaultConfigurationIsVisible = 0;
			defaultConfigurationName = Release;
		};
		59202C782CD905680008BD59 /* Build configuration list for PBXNativeTarget "NotesApplication" */ = {
			isa = XCConfigurationList;
			buildConfigurations = (
				59202C792CD905680008BD59 /* Debug */,
				59202C7A2CD905680008BD59 /* Release */,
			);
			defaultConfigurationIsVisible = 0;
			defaultConfigurationName = Release;
		};
/* End XCConfigurationList section */

/* Begin XCVersionGroup section */
		59202C972CD9087D0008BD59 /* NoteApp.xcdatamodeld */ = {
			isa = XCVersionGroup;
			children = (
				59202C982CD9087D0008BD59 /* NoteApp.xcdatamodel */,
			);
			currentVersion = 59202C982CD9087D0008BD59 /* NoteApp.xcdatamodel */;
			name = NoteApp.xcdatamodeld;
			path = /Users/ioramka/Desktop/NotesApplication/NotesApplication/NoteApp.xcdatamodeld;
			sourceTree = "<group>";
			versionGroupType = wrapper.xcdatamodel;
		};
/* End XCVersionGroup section */
	};
	rootObject = 59202C5C2CD905660008BD59 /* Project object */;
}
